
Microsoft Visual Studio Solution File, Format Version 11.00
# Visual Studio 2010
Project("{FAE04EC0-301F-11D3-BF4B-00C04F79EFBC}") = "Assembly-CSharp", "Assembly-CSharp.csproj", "{e6016953-6678-8e28-f9fd-f1e0ecbd99d7}"
EndProject
Project("{FAE04EC0-301F-11D3-BF4B-00C04F79EFBC}") = "Assembly-CSharp-firstpass", "Assembly-CSharp-firstpass.csproj", "{acc2aaf3-451f-425a-7372-0bcb6de83f48}"
EndProject
Project("{FAE04EC0-301F-11D3-BF4B-00C04F79EFBC}") = "Assembly-CSharp-Editor-firstpass", "Assembly-CSharp-Editor-firstpass.csproj", "{f72d62e4-dee6-5223-3f08-931c6858246c}"
EndProject
Global
	GlobalSection(SolutionConfigurationPlatforms) = preSolution
		Debug|Any CPU = Debug|Any CPU
	EndGlobalSection
	GlobalSection(ProjectConfigurationPlatforms) = postSolution
		{e6016953-6678-8e28-f9fd-f1e0ecbd99d7}.Debug|Any CPU.ActiveCfg = Debug|Any CPU
		{e6016953-6678-8e28-f9fd-f1e0ecbd99d7}.Debug|Any CPU.Build.0 = Debug|Any CPU
		{acc2aaf3-451f-425a-7372-0bcb6de83f48}.Debug|Any CPU.ActiveCfg = Debug|Any CPU
		{acc2aaf3-451f-425a-7372-0bcb6de83f48}.Debug|Any CPU.Build.0 = Debug|Any CPU
		{f72d62e4-dee6-5223-3f08-931c6858246c}.Debug|Any CPU.ActiveCfg = Debug|Any CPU
		{f72d62e4-dee6-5223-3f08-931c6858246c}.Debug|Any CPU.Build.0 = Debug|Any CPU
	EndGlobalSection
	GlobalSection(SolutionProperties) = preSolution
		HideSolutionNode = FALSE
	EndGlobalSection
EndGlobal
